
Microsoft Visual Studio Solution File, Format Version 10.00
# Visual C++ Express 2008
Project("{8BC9CEB8-8B4A-11D0-8D11-00A0C91BC942}") = "libfdata", "libfdata\libfdata.vcproj", "{D777E5EA-004B-43C5-9E02-DF2EAF899825}"
	ProjectSection(ProjectDependencies) = postProject
		{2ACDC977-A2EC-4DDD-A7BA-D8F5CF62AE9F} = {2ACDC977-A2EC-4DDD-A7BA-D8F5CF62AE9F}
		{9FBC8960-1DBA-410E-9049-737178A21C91} = {9FBC8960-1DBA-410E-9049-737178A21C91}
		{7B6DE3B3-C157-411D-8CC0-A4913D06BCE6} = {7B6DE3B3-C157-411D-8CC0-A4913D06BCE6}
		{9CC1BD44-ED71-4F82-A8DB-329D1369E6FB} = {9CC1BD44-ED71-4F82-A8DB-329D1369E6FB}
		{6218B3C8-A205-4ADA-989A-F6EDB63591E3} = {6218B3C8-A205-4ADA-989A-F6EDB63591E3}
	EndProjectSection
EndProject
Project("{8BC9CEB8-8B4A-11D0-8D11-00A0C91BC942}") = "cregexport", "cregexport\cregexport.vcproj", "{E3443A3E-B886-44C4-8CC2-F98EE76FE22A}"
	ProjectSection(ProjectDependencies) = postProject
		{9CC1BD44-ED71-4F82-A8DB-329D1369E6FB} = {9CC1BD44-ED71-4F82-A8DB-329D1369E6FB}
		{2AB613C9-4509-4BC2-BF6C-13E47F925060} = {2AB613C9-4509-4BC2-BF6C-13E47F925060}
		{7AAA6A8B-DE93-45DE-A6BC-26246EB56C8D} = {7AAA6A8B-DE93-45DE-A6BC-26246EB56C8D}
		{2ACDC977-A2EC-4DDD-A7BA-D8F5CF62AE9F} = {2ACDC977-A2EC-4DDD-A7BA-D8F5CF62AE9F}
	EndProjectSection
EndProject
Project("{8BC9CEB8-8B4A-11D0-8D11-00A0C91BC942}") = "creginfo", "creginfo\creginfo.vcproj", "{02C70B11-255F-4AE4-B897-D1524BEA2C10}"
	ProjectSection(ProjectDependencies) = postProject
		{723E6747-2865-4824-81C5-8E9A548B589C} = {723E6747-2865-4824-81C5-8E9A548B589C}
		{9CC1BD44-ED71-4F82-A8DB-329D1369E6FB} = {9CC1BD44-ED71-4F82-A8DB-329D1369E6FB}
		{2AB613C9-4509-4BC2-BF6C-13E47F925060} = {2AB613C9-4509-4BC2-BF6C-13E47F925060}
		{7AAA6A8B-DE93-45DE-A6BC-26246EB56C8D} = {7AAA6A8B-DE93-45DE-A6BC-26246EB56C8D}
		{2ACDC977-A2EC-4DDD-A7BA-D8F5CF62AE9F} = {2ACDC977-A2EC-4DDD-A7BA-D8F5CF62AE9F}
	EndProjectSection
EndProject
Project("{8BC9CEB8-8B4A-11D0-8D11-00A0C91BC942}") = "cregmount", "cregmount\cregmount.vcproj", "{B4784EE8-BF81-4304-A9E3-3E443A408D27}"
	ProjectSection(ProjectDependencies) = postProject
		{93175647-51FC-46C7-A5B6-247DFE61AB5D} = {93175647-51FC-46C7-A5B6-247DFE61AB5D}
		{BB765B64-E3EA-43FC-A990-B3170FB4784E} = {BB765B64-E3EA-43FC-A990-B3170FB4784E}
		{723E6747-2865-4824-81C5-8E9A548B589C} = {723E6747-2865-4824-81C5-8E9A548B589C}
		{9CC1BD44-ED71-4F82-A8DB-329D1369E6FB} = {9CC1BD44-ED71-4F82-A8DB-329D1369E6FB}
		{2AB613C9-4509-4BC2-BF6C-13E47F925060} = {2AB613C9-4509-4BC2-BF6C-13E47F925060}
		{7AAA6A8B-DE93-45DE-A6BC-26246EB56C8D} = {7AAA6A8B-DE93-45DE-A6BC-26246EB56C8D}
		{2ACDC977-A2EC-4DDD-A7BA-D8F5CF62AE9F} = {2ACDC977-A2EC-4DDD-A7BA-D8F5CF62AE9F}
	EndProjectSection
EndProject
Project("{8BC9CEB8-8B4A-11D0-8D11-00A0C91BC942}") = "pycreg", "pycreg\pycreg.vcproj", "{E497B60E-537F-4591-B59E-445D51FFDF95}"
	ProjectSection(ProjectDependencies) = postProject
		{2ACDC977-A2EC-4DDD-A7BA-D8F5CF62AE9F} = {2ACDC977-A2EC-4DDD-A7BA-D8F5CF62AE9F}
		{7AAA6A8B-DE93-45DE-A6BC-26246EB56C8D} = {7AAA6A8B-DE93-45DE-A6BC-26246EB56C8D}
		{7B6DE3B3-C157-411D-8CC0-A4913D06BCE6} = {7B6DE3B3-C157-411D-8CC0-A4913D06BCE6}
		{2AB613C9-4509-4BC2-BF6C-13E47F925060} = {2AB613C9-4509-4BC2-BF6C-13E47F925060}
		{BB765B64-E3EA-43FC-A990-B3170FB4784E} = {BB765B64-E3EA-43FC-A990-B3170FB4784E}
		{723E6747-2865-4824-81C5-8E9A548B589C} = {723E6747-2865-4824-81C5-8E9A548B589C}
		{ACCC493E-BBEC-4F7F-A60B-7B9FED93B5A5} = {ACCC493E-BBEC-4F7F-A60B-7B9FED93B5A5}
		{93175647-51FC-46C7-A5B6-247DFE61AB5D} = {93175647-51FC-46C7-A5B6-247DFE61AB5D}
		{738B1801-193C-417B-8B21-A62E776B469D} = {738B1801-193C-417B-8B21-A62E776B469D}
	EndProjectSection
EndProject
Project("{8BC9CEB8-8B4A-11D0-8D11-00A0C91BC942}") = "libclocale", "libclocale\libclocale.vcproj", "{2AB613C9-4509-4BC2-BF6C-13E47F925060}"
	ProjectSection(ProjectDependencies) = postProject
		{2ACDC977-A2EC-4DDD-A7BA-D8F5CF62AE9F} = {2ACDC977-A2EC-4DDD-A7BA-D8F5CF62AE9F}
	EndProjectSection
EndProject
Project("{8BC9CEB8-8B4A-11D0-8D11-00A0C91BC942}") = "libfcache", "libfcache\libfcache.vcproj", "{6218B3C8-A205-4ADA-989A-F6EDB63591E3}"
	ProjectSection(ProjectDependencies) = postProject
		{2ACDC977-A2EC-4DDD-A7BA-D8F5CF62AE9F} = {2ACDC977-A2EC-4DDD-A7BA-D8F5CF62AE9F}
		{9FBC8960-1DBA-410E-9049-737178A21C91} = {9FBC8960-1DBA-410E-9049-737178A21C91}
		{7B6DE3B3-C157-411D-8CC0-A4913D06BCE6} = {7B6DE3B3-C157-411D-8CC0-A4913D06BCE6}
	EndProjectSection
EndProject
Project("{8BC9CEB8-8B4A-11D0-8D11-00A0C91BC942}") = "libbfio", "libbfio\libbfio.vcproj", "{738B1801-193C-417B-8B21-A62E776B469D}"
	ProjectSection(ProjectDependencies) = postProject
		{2ACDC977-A2EC-4DDD-A7BA-D8F5CF62AE9F} = {2ACDC977-A2EC-4DDD-A7BA-D8F5CF62AE9F}
		{9FBC8960-1DBA-410E-9049-737178A21C91} = {9FBC8960-1DBA-410E-9049-737178A21C91}
		{2AB613C9-4509-4BC2-BF6C-13E47F925060} = {2AB613C9-4509-4BC2-BF6C-13E47F925060}
		{9CC1BD44-ED71-4F82-A8DB-329D1369E6FB} = {9CC1BD44-ED71-4F82-A8DB-329D1369E6FB}
		{7B6DE3B3-C157-411D-8CC0-A4913D06BCE6} = {7B6DE3B3-C157-411D-8CC0-A4913D06BCE6}
		{BB765B64-E3EA-43FC-A990-B3170FB4784E} = {BB765B64-E3EA-43FC-A990-B3170FB4784E}
		{ACCC493E-BBEC-4F7F-A60B-7B9FED93B5A5} = {ACCC493E-BBEC-4F7F-A60B-7B9FED93B5A5}
		{93175647-51FC-46C7-A5B6-247DFE61AB5D} = {93175647-51FC-46C7-A5B6-247DFE61AB5D}
		{723E6747-2865-4824-81C5-8E9A548B589C} = {723E6747-2865-4824-81C5-8E9A548B589C}
	EndProjectSection
EndProject
Project("{8BC9CEB8-8B4A-11D0-8D11-00A0C91BC942}") = "libcfile", "libcfile\libcfile.vcproj", "{ACCC493E-BBEC-4F7F-A60B-7B9FED93B5A5}"
	ProjectSection(ProjectDependencies) = postProject
		{2ACDC977-A2EC-4DDD-A7BA-D8F5CF62AE9F} = {2ACDC977-A2EC-4DDD-A7BA-D8F5CF62AE9F}
		{2AB613C9-4509-4BC2-BF6C-13E47F925060} = {2AB613C9-4509-4BC2-BF6C-13E47F925060}
		{9CC1BD44-ED71-4F82-A8DB-329D1369E6FB} = {9CC1BD44-ED71-4F82-A8DB-329D1369E6FB}
		{723E6747-2865-4824-81C5-8E9A548B589C} = {723E6747-2865-4824-81C5-8E9A548B589C}
	EndProjectSection
EndProject
Project("{8BC9CEB8-8B4A-11D0-8D11-00A0C91BC942}") = "libcdata", "libcdata\libcdata.vcproj", "{7B6DE3B3-C157-411D-8CC0-A4913D06BCE6}"
	ProjectSection(ProjectDependencies) = postProject
		{2ACDC977-A2EC-4DDD-A7BA-D8F5CF62AE9F} = {2ACDC977-A2EC-4DDD-A7BA-D8F5CF62AE9F}
		{9FBC8960-1DBA-410E-9049-737178A21C91} = {9FBC8960-1DBA-410E-9049-737178A21C91}
	EndProjectSection
EndProject
Project("{8BC9CEB8-8B4A-11D0-8D11-00A0C91BC942}") = "libcreg", "libcreg\libcreg.vcproj", "{7AAA6A8B-DE93-45DE-A6BC-26246EB56C8D}"
	ProjectSection(ProjectDependencies) = postProject
		{2ACDC977-A2EC-4DDD-A7BA-D8F5CF62AE9F} = {2ACDC977-A2EC-4DDD-A7BA-D8F5CF62AE9F}
		{9FBC8960-1DBA-410E-9049-737178A21C91} = {9FBC8960-1DBA-410E-9049-737178A21C91}
		{7B6DE3B3-C157-411D-8CC0-A4913D06BCE6} = {7B6DE3B3-C157-411D-8CC0-A4913D06BCE6}
		{2AB613C9-4509-4BC2-BF6C-13E47F925060} = {2AB613C9-4509-4BC2-BF6C-13E47F925060}
		{9CC1BD44-ED71-4F82-A8DB-329D1369E6FB} = {9CC1BD44-ED71-4F82-A8DB-329D1369E6FB}
		{BB765B64-E3EA-43FC-A990-B3170FB4784E} = {BB765B64-E3EA-43FC-A990-B3170FB4784E}
		{723E6747-2865-4824-81C5-8E9A548B589C} = {723E6747-2865-4824-81C5-8E9A548B589C}
		{ACCC493E-BBEC-4F7F-A60B-7B9FED93B5A5} = {ACCC493E-BBEC-4F7F-A60B-7B9FED93B5A5}
		{93175647-51FC-46C7-A5B6-247DFE61AB5D} = {93175647-51FC-46C7-A5B6-247DFE61AB5D}
		{738B1801-193C-417B-8B21-A62E776B469D} = {738B1801-193C-417B-8B21-A62E776B469D}
		{6218B3C8-A205-4ADA-989A-F6EDB63591E3} = {6218B3C8-A205-4ADA-989A-F6EDB63591E3}
		{D777E5EA-004B-43C5-9E02-DF2EAF899825} = {D777E5EA-004B-43C5-9E02-DF2EAF899825}
	EndProjectSection
EndProject
Project("{8BC9CEB8-8B4A-11D0-8D11-00A0C91BC942}") = "libcthreads", "libcthreads\libcthreads.vcproj", "{9FBC8960-1DBA-410E-9049-737178A21C91}"
	ProjectSection(ProjectDependencies) = postProject
		{2ACDC977-A2EC-4DDD-A7BA-D8F5CF62AE9F} = {2ACDC977-A2EC-4DDD-A7BA-D8F5CF62AE9F}
	EndProjectSection
EndProject
Project("{8BC9CEB8-8B4A-11D0-8D11-00A0C91BC942}") = "libcpath", "libcpath\libcpath.vcproj", "{93175647-51FC-46C7-A5B6-247DFE61AB5D}"
	ProjectSection(ProjectDependencies) = postProject
		{2ACDC977-A2EC-4DDD-A7BA-D8F5CF62AE9F} = {2ACDC977-A2EC-4DDD-A7BA-D8F5CF62AE9F}
		{2AB613C9-4509-4BC2-BF6C-13E47F925060} = {2AB613C9-4509-4BC2-BF6C-13E47F925060}
		{BB765B64-E3EA-43FC-A990-B3170FB4784E} = {BB765B64-E3EA-43FC-A990-B3170FB4784E}
		{723E6747-2865-4824-81C5-8E9A548B589C} = {723E6747-2865-4824-81C5-8E9A548B589C}
	EndProjectSection
EndProject
Project("{8BC9CEB8-8B4A-11D0-8D11-00A0C91BC942}") = "creg_test_data_block", "creg_test_data_block\creg_test_data_block.vcproj", "{B0A43FF8-EBBE-4BF2-A94B-76538B94959D}"
	ProjectSection(ProjectDependencies) = postProject
		{7AAA6A8B-DE93-45DE-A6BC-26246EB56C8D} = {7AAA6A8B-DE93-45DE-A6BC-26246EB56C8D}
		{2ACDC977-A2EC-4DDD-A7BA-D8F5CF62AE9F} = {2ACDC977-A2EC-4DDD-A7BA-D8F5CF62AE9F}
	EndProjectSection
EndProject
Project("{8BC9CEB8-8B4A-11D0-8D11-00A0C91BC942}") = "creg_test_data_type", "creg_test_data_type\creg_test_data_type.vcproj", "{C03C3A97-15D6-4AC0-A115-C3E69EA12471}"
	ProjectSection(ProjectDependencies) = postProject
		{7AAA6A8B-DE93-45DE-A6BC-26246EB56C8D} = {7AAA6A8B-DE93-45DE-A6BC-26246EB56C8D}
		{2ACDC977-A2EC-4DDD-A7BA-D8F5CF62AE9F} = {2ACDC977-A2EC-4DDD-A7BA-D8F5CF62AE9F}
	EndProjectSection
EndProject
Project("{8BC9CEB8-8B4A-11D0-8D11-00A0C91BC942}") = "creg_test_error", "creg_test_error\creg_test_error.vcproj", "{872E0242-1746-446F-A8C3-317DA270846F}"
	ProjectSection(ProjectDependencies) = postProject
		{7AAA6A8B-DE93-45DE-A6BC-26246EB56C8D} = {7AAA6A8B-DE93-45DE-A6BC-26246EB56C8D}
	EndProjectSection
EndProject
Project("{8BC9CEB8-8B4A-11D0-8D11-00A0C91BC942}") = "creg_test_file", "creg_test_file\creg_test_file.vcproj", "{25CBD9B8-4CD1-47F3-9CD8-0125858A0C10}"
	ProjectSection(ProjectDependencies) = postProject
		{738B1801-193C-417B-8B21-A62E776B469D} = {738B1801-193C-417B-8B21-A62E776B469D}
		{93175647-51FC-46C7-A5B6-247DFE61AB5D} = {93175647-51FC-46C7-A5B6-247DFE61AB5D}
		{ACCC493E-BBEC-4F7F-A60B-7B9FED93B5A5} = {ACCC493E-BBEC-4F7F-A60B-7B9FED93B5A5}
		{723E6747-2865-4824-81C5-8E9A548B589C} = {723E6747-2865-4824-81C5-8E9A548B589C}
		{BB765B64-E3EA-43FC-A990-B3170FB4784E} = {BB765B64-E3EA-43FC-A990-B3170FB4784E}
		{9CC1BD44-ED71-4F82-A8DB-329D1369E6FB} = {9CC1BD44-ED71-4F82-A8DB-329D1369E6FB}
		{2AB613C9-4509-4BC2-BF6C-13E47F925060} = {2AB613C9-4509-4BC2-BF6C-13E47F925060}
		{7B6DE3B3-C157-411D-8CC0-A4913D06BCE6} = {7B6DE3B3-C157-411D-8CC0-A4913D06BCE6}
		{7AAA6A8B-DE93-45DE-A6BC-26246EB56C8D} = {7AAA6A8B-DE93-45DE-A6BC-26246EB56C8D}
		{9FBC8960-1DBA-410E-9049-737178A21C91} = {9FBC8960-1DBA-410E-9049-737178A21C91}
		{2ACDC977-A2EC-4DDD-A7BA-D8F5CF62AE9F} = {2ACDC977-A2EC-4DDD-A7BA-D8F5CF62AE9F}
	EndProjectSection
EndProject
Project("{8BC9CEB8-8B4A-11D0-8D11-00A0C91BC942}") = "creg_test_io_handle", "creg_test_io_handle\creg_test_io_handle.vcproj", "{D9380048-5293-4AFD-8CD9-7D28658AC5B0}"
	ProjectSection(ProjectDependencies) = postProject
		{7AAA6A8B-DE93-45DE-A6BC-26246EB56C8D} = {7AAA6A8B-DE93-45DE-A6BC-26246EB56C8D}
		{2ACDC977-A2EC-4DDD-A7BA-D8F5CF62AE9F} = {2ACDC977-A2EC-4DDD-A7BA-D8F5CF62AE9F}
	EndProjectSection
EndProject
Project("{8BC9CEB8-8B4A-11D0-8D11-00A0C91BC942}") = "creg_test_key", "creg_test_key\creg_test_key.vcproj", "{D5F74FAC-BE52-44AA-8A9C-A942504A204E}"
	ProjectSection(ProjectDependencies) = postProject
		{7AAA6A8B-DE93-45DE-A6BC-26246EB56C8D} = {7AAA6A8B-DE93-45DE-A6BC-26246EB56C8D}
		{2ACDC977-A2EC-4DDD-A7BA-D8F5CF62AE9F} = {2ACDC977-A2EC-4DDD-A7BA-D8F5CF62AE9F}
	EndProjectSection
EndProject
Project("{8BC9CEB8-8B4A-11D0-8D11-00A0C91BC942}") = "creg_test_key_descriptor", "creg_test_key_descriptor\creg_test_key_descriptor.vcproj", "{CE2AC893-51E6-4664-98E2-00D4B84CF082}"
	ProjectSection(ProjectDependencies) = postProject
		{7AAA6A8B-DE93-45DE-A6BC-26246EB56C8D} = {7AAA6A8B-DE93-45DE-A6BC-26246EB56C8D}
		{2ACDC977-A2EC-4DDD-A7BA-D8F5CF62AE9F} = {2ACDC977-A2EC-4DDD-A7BA-D8F5CF62AE9F}
	EndProjectSection
EndProject
Project("{8BC9CEB8-8B4A-11D0-8D11-00A0C91BC942}") = "creg_test_key_hierarchy_entry", "creg_test_key_hierarchy_entry\creg_test_key_hierarchy_entry.vcproj", "{CD90E565-378A-40BE-828C-CEA2558321D5}"
	ProjectSection(ProjectDependencies) = postProject
		{7AAA6A8B-DE93-45DE-A6BC-26246EB56C8D} = {7AAA6A8B-DE93-45DE-A6BC-26246EB56C8D}
		{2ACDC977-A2EC-4DDD-A7BA-D8F5CF62AE9F} = {2ACDC977-A2EC-4DDD-A7BA-D8F5CF62AE9F}
	EndProjectSection
EndProject
Project("{8BC9CEB8-8B4A-11D0-8D11-00A0C91BC942}") = "creg_test_key_name_entry", "creg_test_key_name_entry\creg_test_key_name_entry.vcproj", "{0BCF60C6-6583-4914-A9E5-2FC8A6DD2EF8}"
	ProjectSection(ProjectDependencies) = postProject
		{7AAA6A8B-DE93-45DE-A6BC-26246EB56C8D} = {7AAA6A8B-DE93-45DE-A6BC-26246EB56C8D}
		{2ACDC977-A2EC-4DDD-A7BA-D8F5CF62AE9F} = {2ACDC977-A2EC-4DDD-A7BA-D8F5CF62AE9F}
	EndProjectSection
EndProject
Project("{8BC9CEB8-8B4A-11D0-8D11-00A0C91BC942}") = "creg_test_key_navigation", "creg_test_key_navigation\creg_test_key_navigation.vcproj", "{61ACC98A-D4BC-44FF-8DAC-7F7E3FC99FB5}"
	ProjectSection(ProjectDependencies) = postProject
		{7AAA6A8B-DE93-45DE-A6BC-26246EB56C8D} = {7AAA6A8B-DE93-45DE-A6BC-26246EB56C8D}
		{2ACDC977-A2EC-4DDD-A7BA-D8F5CF62AE9F} = {2ACDC977-A2EC-4DDD-A7BA-D8F5CF62AE9F}
	EndProjectSection
EndProject
Project("{8BC9CEB8-8B4A-11D0-8D11-00A0C91BC942}") = "creg_test_notify", "creg_test_notify\creg_test_notify.vcproj", "{E5CD562A-1A14-4DF4-AA42-4DF109D56209}"
	ProjectSection(ProjectDependencies) = postProject
		{7AAA6A8B-DE93-45DE-A6BC-26246EB56C8D} = {7AAA6A8B-DE93-45DE-A6BC-26246EB56C8D}
		{2ACDC977-A2EC-4DDD-A7BA-D8F5CF62AE9F} = {2ACDC977-A2EC-4DDD-A7BA-D8F5CF62AE9F}
	EndProjectSection
EndProject
Project("{8BC9CEB8-8B4A-11D0-8D11-00A0C91BC942}") = "creg_test_support", "creg_test_support\creg_test_support.vcproj", "{5329A291-F948-4726-BB70-FF1DDB4EFCA1}"
	ProjectSection(ProjectDependencies) = postProject
		{738B1801-193C-417B-8B21-A62E776B469D} = {738B1801-193C-417B-8B21-A62E776B469D}
		{93175647-51FC-46C7-A5B6-247DFE61AB5D} = {93175647-51FC-46C7-A5B6-247DFE61AB5D}
		{ACCC493E-BBEC-4F7F-A60B-7B9FED93B5A5} = {ACCC493E-BBEC-4F7F-A60B-7B9FED93B5A5}
		{723E6747-2865-4824-81C5-8E9A548B589C} = {723E6747-2865-4824-81C5-8E9A548B589C}
		{BB765B64-E3EA-43FC-A990-B3170FB4784E} = {BB765B64-E3EA-43FC-A990-B3170FB4784E}
		{9CC1BD44-ED71-4F82-A8DB-329D1369E6FB} = {9CC1BD44-ED71-4F82-A8DB-329D1369E6FB}
		{2AB613C9-4509-4BC2-BF6C-13E47F925060} = {2AB613C9-4509-4BC2-BF6C-13E47F925060}
		{7B6DE3B3-C157-411D-8CC0-A4913D06BCE6} = {7B6DE3B3-C157-411D-8CC0-A4913D06BCE6}
		{7AAA6A8B-DE93-45DE-A6BC-26246EB56C8D} = {7AAA6A8B-DE93-45DE-A6BC-26246EB56C8D}
		{2ACDC977-A2EC-4DDD-A7BA-D8F5CF62AE9F} = {2ACDC977-A2EC-4DDD-A7BA-D8F5CF62AE9F}
	EndProjectSection
EndProject
Project("{8BC9CEB8-8B4A-11D0-8D11-00A0C91BC942}") = "creg_test_tools_info_handle", "creg_test_tools_info_handle\creg_test_tools_info_handle.vcproj", "{D67CA8D1-4062-478D-B708-C44873B11295}"
	ProjectSection(ProjectDependencies) = postProject
		{723E6747-2865-4824-81C5-8E9A548B589C} = {723E6747-2865-4824-81C5-8E9A548B589C}
		{2AB613C9-4509-4BC2-BF6C-13E47F925060} = {2AB613C9-4509-4BC2-BF6C-13E47F925060}
		{7AAA6A8B-DE93-45DE-A6BC-26246EB56C8D} = {7AAA6A8B-DE93-45DE-A6BC-26246EB56C8D}
		{2ACDC977-A2EC-4DDD-A7BA-D8F5CF62AE9F} = {2ACDC977-A2EC-4DDD-A7BA-D8F5CF62AE9F}
	EndProjectSection
EndProject
Project("{8BC9CEB8-8B4A-11D0-8D11-00A0C91BC942}") = "creg_test_tools_output", "creg_test_tools_output\creg_test_tools_output.vcproj", "{FD3DF784-4687-4E5B-8234-BD04ED323DF6}"
	ProjectSection(ProjectDependencies) = postProject
		{7AAA6A8B-DE93-45DE-A6BC-26246EB56C8D} = {7AAA6A8B-DE93-45DE-A6BC-26246EB56C8D}
		{2ACDC977-A2EC-4DDD-A7BA-D8F5CF62AE9F} = {2ACDC977-A2EC-4DDD-A7BA-D8F5CF62AE9F}
	EndProjectSection
EndProject
Project("{8BC9CEB8-8B4A-11D0-8D11-00A0C91BC942}") = "creg_test_tools_signal", "creg_test_tools_signal\creg_test_tools_signal.vcproj", "{EEBD0769-4606-4451-B41F-0B99B548EA22}"
	ProjectSection(ProjectDependencies) = postProject
		{7AAA6A8B-DE93-45DE-A6BC-26246EB56C8D} = {7AAA6A8B-DE93-45DE-A6BC-26246EB56C8D}
		{2ACDC977-A2EC-4DDD-A7BA-D8F5CF62AE9F} = {2ACDC977-A2EC-4DDD-A7BA-D8F5CF62AE9F}
	EndProjectSection
EndProject
Project("{8BC9CEB8-8B4A-11D0-8D11-00A0C91BC942}") = "creg_test_value", "creg_test_value\creg_test_value.vcproj", "{E6AF078A-5144-4EE2-82BB-75E49D53DB76}"
	ProjectSection(ProjectDependencies) = postProject
		{7AAA6A8B-DE93-45DE-A6BC-26246EB56C8D} = {7AAA6A8B-DE93-45DE-A6BC-26246EB56C8D}
		{2ACDC977-A2EC-4DDD-A7BA-D8F5CF62AE9F} = {2ACDC977-A2EC-4DDD-A7BA-D8F5CF62AE9F}
	EndProjectSection
EndProject
Project("{8BC9CEB8-8B4A-11D0-8D11-00A0C91BC942}") = "creg_test_value_entry", "creg_test_value_entry\creg_test_value_entry.vcproj", "{D8C10414-1B8B-478C-8DC5-B85D45656F91}"
	ProjectSection(ProjectDependencies) = postProject
		{7AAA6A8B-DE93-45DE-A6BC-26246EB56C8D} = {7AAA6A8B-DE93-45DE-A6BC-26246EB56C8D}
		{2ACDC977-A2EC-4DDD-A7BA-D8F5CF62AE9F} = {2ACDC977-A2EC-4DDD-A7BA-D8F5CF62AE9F}
	EndProjectSection
EndProject
Project("{8BC9CEB8-8B4A-11D0-8D11-00A0C91BC942}") = "libcsplit", "libcsplit\libcsplit.vcproj", "{BB765B64-E3EA-43FC-A990-B3170FB4784E}"
	ProjectSection(ProjectDependencies) = postProject
		{2ACDC977-A2EC-4DDD-A7BA-D8F5CF62AE9F} = {2ACDC977-A2EC-4DDD-A7BA-D8F5CF62AE9F}
	EndProjectSection
EndProject
Project("{8BC9CEB8-8B4A-11D0-8D11-00A0C91BC942}") = "libuna", "libuna\libuna.vcproj", "{723E6747-2865-4824-81C5-8E9A548B589C}"
	ProjectSection(ProjectDependencies) = postProject
		{2ACDC977-A2EC-4DDD-A7BA-D8F5CF62AE9F} = {2ACDC977-A2EC-4DDD-A7BA-D8F5CF62AE9F}
	EndProjectSection
EndProject
Project("{8BC9CEB8-8B4A-11D0-8D11-00A0C91BC942}") = "libcnotify", "libcnotify\libcnotify.vcproj", "{9CC1BD44-ED71-4F82-A8DB-329D1369E6FB}"
	ProjectSection(ProjectDependencies) = postProject
		{2ACDC977-A2EC-4DDD-A7BA-D8F5CF62AE9F} = {2ACDC977-A2EC-4DDD-A7BA-D8F5CF62AE9F}
	EndProjectSection
EndProject
Project("{8BC9CEB8-8B4A-11D0-8D11-00A0C91BC942}") = "libcerror", "libcerror\libcerror.vcproj", "{2ACDC977-A2EC-4DDD-A7BA-D8F5CF62AE9F}"
EndProject
Global
	GlobalSection(SolutionConfigurationPlatforms) = preSolution
		Release|Win32 = Release|Win32
		VSDebug|Win32 = VSDebug|Win32
	EndGlobalSection
	GlobalSection(ProjectConfigurationPlatforms) = postSolution
		{D777E5EA-004B-43C5-9E02-DF2EAF899825}.Release|Win32.ActiveCfg = Release|Win32
		{D777E5EA-004B-43C5-9E02-DF2EAF899825}.Release|Win32.Build.0 = Release|Win32
		{D777E5EA-004B-43C5-9E02-DF2EAF899825}.VSDebug|Win32.ActiveCfg = VSDebug|Win32
		{D777E5EA-004B-43C5-9E02-DF2EAF899825}.VSDebug|Win32.Build.0 = VSDebug|Win32
		{E3443A3E-B886-44C4-8CC2-F98EE76FE22A}.Release|Win32.ActiveCfg = Release|Win32
		{E3443A3E-B886-44C4-8CC2-F98EE76FE22A}.Release|Win32.Build.0 = Release|Win32
		{E3443A3E-B886-44C4-8CC2-F98EE76FE22A}.VSDebug|Win32.ActiveCfg = VSDebug|Win32
		{E3443A3E-B886-44C4-8CC2-F98EE76FE22A}.VSDebug|Win32.Build.0 = VSDebug|Win32
		{02C70B11-255F-4AE4-B897-D1524BEA2C10}.Release|Win32.ActiveCfg = Release|Win32
		{02C70B11-255F-4AE4-B897-D1524BEA2C10}.Release|Win32.Build.0 = Release|Win32
		{02C70B11-255F-4AE4-B897-D1524BEA2C10}.VSDebug|Win32.ActiveCfg = VSDebug|Win32
		{02C70B11-255F-4AE4-B897-D1524BEA2C10}.VSDebug|Win32.Build.0 = VSDebug|Win32
		{B4784EE8-BF81-4304-A9E3-3E443A408D27}.Release|Win32.ActiveCfg = Release|Win32
		{B4784EE8-BF81-4304-A9E3-3E443A408D27}.Release|Win32.Build.0 = Release|Win32
		{B4784EE8-BF81-4304-A9E3-3E443A408D27}.VSDebug|Win32.ActiveCfg = VSDebug|Win32
		{B4784EE8-BF81-4304-A9E3-3E443A408D27}.VSDebug|Win32.Build.0 = VSDebug|Win32
		{E497B60E-537F-4591-B59E-445D51FFDF95}.Release|Win32.ActiveCfg = Release|Win32
		{E497B60E-537F-4591-B59E-445D51FFDF95}.Release|Win32.Build.0 = Release|Win32
		{E497B60E-537F-4591-B59E-445D51FFDF95}.VSDebug|Win32.ActiveCfg = VSDebug|Win32
		{E497B60E-537F-4591-B59E-445D51FFDF95}.VSDebug|Win32.Build.0 = VSDebug|Win32
		{2AB613C9-4509-4BC2-BF6C-13E47F925060}.Release|Win32.ActiveCfg = Release|Win32
		{2AB613C9-4509-4BC2-BF6C-13E47F925060}.Release|Win32.Build.0 = Release|Win32
		{2AB613C9-4509-4BC2-BF6C-13E47F925060}.VSDebug|Win32.ActiveCfg = VSDebug|Win32
		{2AB613C9-4509-4BC2-BF6C-13E47F925060}.VSDebug|Win32.Build.0 = VSDebug|Win32
		{6218B3C8-A205-4ADA-989A-F6EDB63591E3}.Release|Win32.ActiveCfg = Release|Win32
		{6218B3C8-A205-4ADA-989A-F6EDB63591E3}.Release|Win32.Build.0 = Release|Win32
		{6218B3C8-A205-4ADA-989A-F6EDB63591E3}.VSDebug|Win32.ActiveCfg = VSDebug|Win32
		{6218B3C8-A205-4ADA-989A-F6EDB63591E3}.VSDebug|Win32.Build.0 = VSDebug|Win32
		{738B1801-193C-417B-8B21-A62E776B469D}.Release|Win32.ActiveCfg = Release|Win32
		{738B1801-193C-417B-8B21-A62E776B469D}.Release|Win32.Build.0 = Release|Win32
		{738B1801-193C-417B-8B21-A62E776B469D}.VSDebug|Win32.ActiveCfg = VSDebug|Win32
		{738B1801-193C-417B-8B21-A62E776B469D}.VSDebug|Win32.Build.0 = VSDebug|Win32
		{ACCC493E-BBEC-4F7F-A60B-7B9FED93B5A5}.Release|Win32.ActiveCfg = Release|Win32
		{ACCC493E-BBEC-4F7F-A60B-7B9FED93B5A5}.Release|Win32.Build.0 = Release|Win32
		{ACCC493E-BBEC-4F7F-A60B-7B9FED93B5A5}.VSDebug|Win32.ActiveCfg = VSDebug|Win32
		{ACCC493E-BBEC-4F7F-A60B-7B9FED93B5A5}.VSDebug|Win32.Build.0 = VSDebug|Win32
		{7B6DE3B3-C157-411D-8CC0-A4913D06BCE6}.Release|Win32.ActiveCfg = Release|Win32
		{7B6DE3B3-C157-411D-8CC0-A4913D06BCE6}.Release|Win32.Build.0 = Release|Win32
		{7B6DE3B3-C157-411D-8CC0-A4913D06BCE6}.VSDebug|Win32.ActiveCfg = VSDebug|Win32
		{7B6DE3B3-C157-411D-8CC0-A4913D06BCE6}.VSDebug|Win32.Build.0 = VSDebug|Win32
		{7AAA6A8B-DE93-45DE-A6BC-26246EB56C8D}.Release|Win32.ActiveCfg = Release|Win32
		{7AAA6A8B-DE93-45DE-A6BC-26246EB56C8D}.Release|Win32.Build.0 = Release|Win32
		{7AAA6A8B-DE93-45DE-A6BC-26246EB56C8D}.VSDebug|Win32.ActiveCfg = VSDebug|Win32
		{7AAA6A8B-DE93-45DE-A6BC-26246EB56C8D}.VSDebug|Win32.Build.0 = VSDebug|Win32
		{9FBC8960-1DBA-410E-9049-737178A21C91}.Release|Win32.ActiveCfg = Release|Win32
		{9FBC8960-1DBA-410E-9049-737178A21C91}.Release|Win32.Build.0 = Release|Win32
		{9FBC8960-1DBA-410E-9049-737178A21C91}.VSDebug|Win32.ActiveCfg = VSDebug|Win32
		{9FBC8960-1DBA-410E-9049-737178A21C91}.VSDebug|Win32.Build.0 = VSDebug|Win32
		{93175647-51FC-46C7-A5B6-247DFE61AB5D}.Release|Win32.ActiveCfg = Release|Win32
		{93175647-51FC-46C7-A5B6-247DFE61AB5D}.Release|Win32.Build.0 = Release|Win32
		{93175647-51FC-46C7-A5B6-247DFE61AB5D}.VSDebug|Win32.ActiveCfg = VSDebug|Win32
		{93175647-51FC-46C7-A5B6-247DFE61AB5D}.VSDebug|Win32.Build.0 = VSDebug|Win32
		{B0A43FF8-EBBE-4BF2-A94B-76538B94959D}.Release|Win32.ActiveCfg = Release|Win32
		{B0A43FF8-EBBE-4BF2-A94B-76538B94959D}.Release|Win32.Build.0 = Release|Win32
		{B0A43FF8-EBBE-4BF2-A94B-76538B94959D}.VSDebug|Win32.ActiveCfg = VSDebug|Win32
		{B0A43FF8-EBBE-4BF2-A94B-76538B94959D}.VSDebug|Win32.Build.0 = VSDebug|Win32
		{C03C3A97-15D6-4AC0-A115-C3E69EA12471}.Release|Win32.ActiveCfg = Release|Win32
		{C03C3A97-15D6-4AC0-A115-C3E69EA12471}.Release|Win32.Build.0 = Release|Win32
		{C03C3A97-15D6-4AC0-A115-C3E69EA12471}.VSDebug|Win32.ActiveCfg = VSDebug|Win32
		{C03C3A97-15D6-4AC0-A115-C3E69EA12471}.VSDebug|Win32.Build.0 = VSDebug|Win32
		{872E0242-1746-446F-A8C3-317DA270846F}.Release|Win32.ActiveCfg = Release|Win32
		{872E0242-1746-446F-A8C3-317DA270846F}.Release|Win32.Build.0 = Release|Win32
		{872E0242-1746-446F-A8C3-317DA270846F}.VSDebug|Win32.ActiveCfg = VSDebug|Win32
		{872E0242-1746-446F-A8C3-317DA270846F}.VSDebug|Win32.Build.0 = VSDebug|Win32
		{25CBD9B8-4CD1-47F3-9CD8-0125858A0C10}.Release|Win32.ActiveCfg = Release|Win32
		{25CBD9B8-4CD1-47F3-9CD8-0125858A0C10}.Release|Win32.Build.0 = Release|Win32
		{25CBD9B8-4CD1-47F3-9CD8-0125858A0C10}.VSDebug|Win32.ActiveCfg = VSDebug|Win32
		{25CBD9B8-4CD1-47F3-9CD8-0125858A0C10}.VSDebug|Win32.Build.0 = VSDebug|Win32
		{D9380048-5293-4AFD-8CD9-7D28658AC5B0}.Release|Win32.ActiveCfg = Release|Win32
		{D9380048-5293-4AFD-8CD9-7D28658AC5B0}.Release|Win32.Build.0 = Release|Win32
		{D9380048-5293-4AFD-8CD9-7D28658AC5B0}.VSDebug|Win32.ActiveCfg = VSDebug|Win32
		{D9380048-5293-4AFD-8CD9-7D28658AC5B0}.VSDebug|Win32.Build.0 = VSDebug|Win32
		{D5F74FAC-BE52-44AA-8A9C-A942504A204E}.Release|Win32.ActiveCfg = Release|Win32
		{D5F74FAC-BE52-44AA-8A9C-A942504A204E}.Release|Win32.Build.0 = Release|Win32
		{D5F74FAC-BE52-44AA-8A9C-A942504A204E}.VSDebug|Win32.ActiveCfg = VSDebug|Win32
		{D5F74FAC-BE52-44AA-8A9C-A942504A204E}.VSDebug|Win32.Build.0 = VSDebug|Win32
		{CE2AC893-51E6-4664-98E2-00D4B84CF082}.Release|Win32.ActiveCfg = Release|Win32
		{CE2AC893-51E6-4664-98E2-00D4B84CF082}.Release|Win32.Build.0 = Release|Win32
		{CE2AC893-51E6-4664-98E2-00D4B84CF082}.VSDebug|Win32.ActiveCfg = VSDebug|Win32
		{CE2AC893-51E6-4664-98E2-00D4B84CF082}.VSDebug|Win32.Build.0 = VSDebug|Win32
		{CD90E565-378A-40BE-828C-CEA2558321D5}.Release|Win32.ActiveCfg = Release|Win32
		{CD90E565-378A-40BE-828C-CEA2558321D5}.Release|Win32.Build.0 = Release|Win32
		{CD90E565-378A-40BE-828C-CEA2558321D5}.VSDebug|Win32.ActiveCfg = VSDebug|Win32
		{CD90E565-378A-40BE-828C-CEA2558321D5}.VSDebug|Win32.Build.0 = VSDebug|Win32
		{0BCF60C6-6583-4914-A9E5-2FC8A6DD2EF8}.Release|Win32.ActiveCfg = Release|Win32
		{0BCF60C6-6583-4914-A9E5-2FC8A6DD2EF8}.Release|Win32.Build.0 = Release|Win32
		{0BCF60C6-6583-4914-A9E5-2FC8A6DD2EF8}.VSDebug|Win32.ActiveCfg = VSDebug|Win32
		{0BCF60C6-6583-4914-A9E5-2FC8A6DD2EF8}.VSDebug|Win32.Build.0 = VSDebug|Win32
		{61ACC98A-D4BC-44FF-8DAC-7F7E3FC99FB5}.Release|Win32.ActiveCfg = Release|Win32
		{61ACC98A-D4BC-44FF-8DAC-7F7E3FC99FB5}.Release|Win32.Build.0 = Release|Win32
		{61ACC98A-D4BC-44FF-8DAC-7F7E3FC99FB5}.VSDebug|Win32.ActiveCfg = VSDebug|Win32
		{61ACC98A-D4BC-44FF-8DAC-7F7E3FC99FB5}.VSDebug|Win32.Build.0 = VSDebug|Win32
		{E5CD562A-1A14-4DF4-AA42-4DF109D56209}.Release|Win32.ActiveCfg = Release|Win32
		{E5CD562A-1A14-4DF4-AA42-4DF109D56209}.Release|Win32.Build.0 = Release|Win32
		{E5CD562A-1A14-4DF4-AA42-4DF109D56209}.VSDebug|Win32.ActiveCfg = VSDebug|Win32
		{E5CD562A-1A14-4DF4-AA42-4DF109D56209}.VSDebug|Win32.Build.0 = VSDebug|Win32
		{5329A291-F948-4726-BB70-FF1DDB4EFCA1}.Release|Win32.ActiveCfg = Release|Win32
		{5329A291-F948-4726-BB70-FF1DDB4EFCA1}.Release|Win32.Build.0 = Release|Win32
		{5329A291-F948-4726-BB70-FF1DDB4EFCA1}.VSDebug|Win32.ActiveCfg = VSDebug|Win32
		{5329A291-F948-4726-BB70-FF1DDB4EFCA1}.VSDebug|Win32.Build.0 = VSDebug|Win32
		{D67CA8D1-4062-478D-B708-C44873B11295}.Release|Win32.ActiveCfg = Release|Win32
		{D67CA8D1-4062-478D-B708-C44873B11295}.Release|Win32.Build.0 = Release|Win32
		{D67CA8D1-4062-478D-B708-C44873B11295}.VSDebug|Win32.ActiveCfg = VSDebug|Win32
		{D67CA8D1-4062-478D-B708-C44873B11295}.VSDebug|Win32.Build.0 = VSDebug|Win32
		{FD3DF784-4687-4E5B-8234-BD04ED323DF6}.Release|Win32.ActiveCfg = Release|Win32
		{FD3DF784-4687-4E5B-8234-BD04ED323DF6}.Release|Win32.Build.0 = Release|Win32
		{FD3DF784-4687-4E5B-8234-BD04ED323DF6}.VSDebug|Win32.ActiveCfg = VSDebug|Win32
		{FD3DF784-4687-4E5B-8234-BD04ED323DF6}.VSDebug|Win32.Build.0 = VSDebug|Win32
		{EEBD0769-4606-4451-B41F-0B99B548EA22}.Release|Win32.ActiveCfg = Release|Win32
		{EEBD0769-4606-4451-B41F-0B99B548EA22}.Release|Win32.Build.0 = Release|Win32
		{EEBD0769-4606-4451-B41F-0B99B548EA22}.VSDebug|Win32.ActiveCfg = VSDebug|Win32
		{EEBD0769-4606-4451-B41F-0B99B548EA22}.VSDebug|Win32.Build.0 = VSDebug|Win32
		{E6AF078A-5144-4EE2-82BB-75E49D53DB76}.Release|Win32.ActiveCfg = Release|Win32
		{E6AF078A-5144-4EE2-82BB-75E49D53DB76}.Release|Win32.Build.0 = Release|Win32
		{E6AF078A-5144-4EE2-82BB-75E49D53DB76}.VSDebug|Win32.ActiveCfg = VSDebug|Win32
		{E6AF078A-5144-4EE2-82BB-75E49D53DB76}.VSDebug|Win32.Build.0 = VSDebug|Win32
		{D8C10414-1B8B-478C-8DC5-B85D45656F91}.Release|Win32.ActiveCfg = Release|Win32
		{D8C10414-1B8B-478C-8DC5-B85D45656F91}.Release|Win32.Build.0 = Release|Win32
		{D8C10414-1B8B-478C-8DC5-B85D45656F91}.VSDebug|Win32.ActiveCfg = VSDebug|Win32
		{D8C10414-1B8B-478C-8DC5-B85D45656F91}.VSDebug|Win32.Build.0 = VSDebug|Win32
		{BB765B64-E3EA-43FC-A990-B3170FB4784E}.Release|Win32.ActiveCfg = Release|Win32
		{BB765B64-E3EA-43FC-A990-B3170FB4784E}.Release|Win32.Build.0 = Release|Win32
		{BB765B64-E3EA-43FC-A990-B3170FB4784E}.VSDebug|Win32.ActiveCfg = VSDebug|Win32
		{BB765B64-E3EA-43FC-A990-B3170FB4784E}.VSDebug|Win32.Build.0 = VSDebug|Win32
		{723E6747-2865-4824-81C5-8E9A548B589C}.Release|Win32.ActiveCfg = Release|Win32
		{723E6747-2865-4824-81C5-8E9A548B589C}.Release|Win32.Build.0 = Release|Win32
		{723E6747-2865-4824-81C5-8E9A548B589C}.VSDebug|Win32.ActiveCfg = VSDebug|Win32
		{723E6747-2865-4824-81C5-8E9A548B589C}.VSDebug|Win32.Build.0 = VSDebug|Win32
		{9CC1BD44-ED71-4F82-A8DB-329D1369E6FB}.Release|Win32.ActiveCfg = Release|Win32
		{9CC1BD44-ED71-4F82-A8DB-329D1369E6FB}.Release|Win32.Build.0 = Release|Win32
		{9CC1BD44-ED71-4F82-A8DB-329D1369E6FB}.VSDebug|Win32.ActiveCfg = VSDebug|Win32
		{9CC1BD44-ED71-4F82-A8DB-329D1369E6FB}.VSDebug|Win32.Build.0 = VSDebug|Win32
		{2ACDC977-A2EC-4DDD-A7BA-D8F5CF62AE9F}.Release|Win32.ActiveCfg = Release|Win32
		{2ACDC977-A2EC-4DDD-A7BA-D8F5CF62AE9F}.Release|Win32.Build.0 = Release|Win32
		{2ACDC977-A2EC-4DDD-A7BA-D8F5CF62AE9F}.VSDebug|Win32.ActiveCfg = VSDebug|Win32
		{2ACDC977-A2EC-4DDD-A7BA-D8F5CF62AE9F}.VSDebug|Win32.Build.0 = VSDebug|Win32
	EndGlobalSection
	GlobalSection(SolutionProperties) = preSolution
		HideSolutionNode = FALSE
	EndGlobalSection
EndGlobal
