
Microsoft Visual Studio Solution File, Format Version 10.00
# Visual C++ Express 2008
Project("{8BC9CEB8-8B4A-11D0-8D11-00A0C91BC942}") = "libfcache", "libfcache\libfcache.vcproj", "{6218B3C8-A205-4ADA-989A-F6EDB63591E3}"
	ProjectSection(ProjectDependencies) = postProject
		{111C4303-25C8-47DE-BAA5-FEBA65A4FE97} = {111C4303-25C8-47DE-BAA5-FEBA65A4FE97}
		{2ACDC977-A2EC-4DDD-A7BA-D8F5CF62AE9F} = {2ACDC977-A2EC-4DDD-A7BA-D8F5CF62AE9F}
		{9FBC8960-1DBA-410E-9049-737178A21C91} = {9FBC8960-1DBA-410E-9049-737178A21C91}
		{7B6DE3B3-C157-411D-8CC0-A4913D06BCE6} = {7B6DE3B3-C157-411D-8CC0-A4913D06BCE6}
	EndProjectSection
EndProject
Project("{8BC9CEB8-8B4A-11D0-8D11-00A0C91BC942}") = "libfwps", "libfwps\libfwps.vcproj", "{8C06EA3F-E57D-46B6-9350-5ED64583AF21}"
	ProjectSection(ProjectDependencies) = postProject
		{111C4303-25C8-47DE-BAA5-FEBA65A4FE97} = {111C4303-25C8-47DE-BAA5-FEBA65A4FE97}
		{2ACDC977-A2EC-4DDD-A7BA-D8F5CF62AE9F} = {2ACDC977-A2EC-4DDD-A7BA-D8F5CF62AE9F}
		{9CC1BD44-ED71-4F82-A8DB-329D1369E6FB} = {9CC1BD44-ED71-4F82-A8DB-329D1369E6FB}
		{723E6747-2865-4824-81C5-8E9A548B589C} = {723E6747-2865-4824-81C5-8E9A548B589C}
		{6AC6401C-3B17-4A45-8590-4082435C3760} = {6AC6401C-3B17-4A45-8590-4082435C3760}
		{D74F7848-B4F7-4860-879B-EE4654D71DFC} = {D74F7848-B4F7-4860-879B-EE4654D71DFC}
		{B7C7902D-F41F-4A86-91E1-BEDC1199B33B} = {B7C7902D-F41F-4A86-91E1-BEDC1199B33B}
	EndProjectSection
EndProject
Project("{8BC9CEB8-8B4A-11D0-8D11-00A0C91BC942}") = "libfole", "libfole\libfole.vcproj", "{B7C7902D-F41F-4A86-91E1-BEDC1199B33B}"
	ProjectSection(ProjectDependencies) = postProject
		{111C4303-25C8-47DE-BAA5-FEBA65A4FE97} = {111C4303-25C8-47DE-BAA5-FEBA65A4FE97}
		{2ACDC977-A2EC-4DDD-A7BA-D8F5CF62AE9F} = {2ACDC977-A2EC-4DDD-A7BA-D8F5CF62AE9F}
	EndProjectSection
EndProject
Project("{8BC9CEB8-8B4A-11D0-8D11-00A0C91BC942}") = "libfguid", "libfguid\libfguid.vcproj", "{D74F7848-B4F7-4860-879B-EE4654D71DFC}"
	ProjectSection(ProjectDependencies) = postProject
		{111C4303-25C8-47DE-BAA5-FEBA65A4FE97} = {111C4303-25C8-47DE-BAA5-FEBA65A4FE97}
		{2ACDC977-A2EC-4DDD-A7BA-D8F5CF62AE9F} = {2ACDC977-A2EC-4DDD-A7BA-D8F5CF62AE9F}
	EndProjectSection
EndProject
Project("{8BC9CEB8-8B4A-11D0-8D11-00A0C91BC942}") = "libclocale", "libclocale\libclocale.vcproj", "{2AB613C9-4509-4BC2-BF6C-13E47F925060}"
	ProjectSection(ProjectDependencies) = postProject
		{111C4303-25C8-47DE-BAA5-FEBA65A4FE97} = {111C4303-25C8-47DE-BAA5-FEBA65A4FE97}
		{2ACDC977-A2EC-4DDD-A7BA-D8F5CF62AE9F} = {2ACDC977-A2EC-4DDD-A7BA-D8F5CF62AE9F}
	EndProjectSection
EndProject
Project("{8BC9CEB8-8B4A-11D0-8D11-00A0C91BC942}") = "libbfio", "libbfio\libbfio.vcproj", "{738B1801-193C-417B-8B21-A62E776B469D}"
	ProjectSection(ProjectDependencies) = postProject
		{111C4303-25C8-47DE-BAA5-FEBA65A4FE97} = {111C4303-25C8-47DE-BAA5-FEBA65A4FE97}
		{2ACDC977-A2EC-4DDD-A7BA-D8F5CF62AE9F} = {2ACDC977-A2EC-4DDD-A7BA-D8F5CF62AE9F}
		{9FBC8960-1DBA-410E-9049-737178A21C91} = {9FBC8960-1DBA-410E-9049-737178A21C91}
		{7B6DE3B3-C157-411D-8CC0-A4913D06BCE6} = {7B6DE3B3-C157-411D-8CC0-A4913D06BCE6}
		{2AB613C9-4509-4BC2-BF6C-13E47F925060} = {2AB613C9-4509-4BC2-BF6C-13E47F925060}
		{BB765B64-E3EA-43FC-A990-B3170FB4784E} = {BB765B64-E3EA-43FC-A990-B3170FB4784E}
		{723E6747-2865-4824-81C5-8E9A548B589C} = {723E6747-2865-4824-81C5-8E9A548B589C}
		{ACCC493E-BBEC-4F7F-A60B-7B9FED93B5A5} = {ACCC493E-BBEC-4F7F-A60B-7B9FED93B5A5}
		{93175647-51FC-46C7-A5B6-247DFE61AB5D} = {93175647-51FC-46C7-A5B6-247DFE61AB5D}
	EndProjectSection
EndProject
Project("{8BC9CEB8-8B4A-11D0-8D11-00A0C91BC942}") = "libfdatetime", "libfdatetime\libfdatetime.vcproj", "{6AC6401C-3B17-4A45-8590-4082435C3760}"
	ProjectSection(ProjectDependencies) = postProject
		{111C4303-25C8-47DE-BAA5-FEBA65A4FE97} = {111C4303-25C8-47DE-BAA5-FEBA65A4FE97}
		{2ACDC977-A2EC-4DDD-A7BA-D8F5CF62AE9F} = {2ACDC977-A2EC-4DDD-A7BA-D8F5CF62AE9F}
	EndProjectSection
EndProject
Project("{8BC9CEB8-8B4A-11D0-8D11-00A0C91BC942}") = "libcfile", "libcfile\libcfile.vcproj", "{ACCC493E-BBEC-4F7F-A60B-7B9FED93B5A5}"
	ProjectSection(ProjectDependencies) = postProject
		{111C4303-25C8-47DE-BAA5-FEBA65A4FE97} = {111C4303-25C8-47DE-BAA5-FEBA65A4FE97}
		{2ACDC977-A2EC-4DDD-A7BA-D8F5CF62AE9F} = {2ACDC977-A2EC-4DDD-A7BA-D8F5CF62AE9F}
		{2AB613C9-4509-4BC2-BF6C-13E47F925060} = {2AB613C9-4509-4BC2-BF6C-13E47F925060}
		{9CC1BD44-ED71-4F82-A8DB-329D1369E6FB} = {9CC1BD44-ED71-4F82-A8DB-329D1369E6FB}
		{723E6747-2865-4824-81C5-8E9A548B589C} = {723E6747-2865-4824-81C5-8E9A548B589C}
	EndProjectSection
EndProject
Project("{8BC9CEB8-8B4A-11D0-8D11-00A0C91BC942}") = "libfwnt", "libfwnt\libfwnt.vcproj", "{EDBA29D4-C237-496A-BFB6-A49C73A27F51}"
	ProjectSection(ProjectDependencies) = postProject
		{111C4303-25C8-47DE-BAA5-FEBA65A4FE97} = {111C4303-25C8-47DE-BAA5-FEBA65A4FE97}
		{2ACDC977-A2EC-4DDD-A7BA-D8F5CF62AE9F} = {2ACDC977-A2EC-4DDD-A7BA-D8F5CF62AE9F}
		{9FBC8960-1DBA-410E-9049-737178A21C91} = {9FBC8960-1DBA-410E-9049-737178A21C91}
		{7B6DE3B3-C157-411D-8CC0-A4913D06BCE6} = {7B6DE3B3-C157-411D-8CC0-A4913D06BCE6}
		{9CC1BD44-ED71-4F82-A8DB-329D1369E6FB} = {9CC1BD44-ED71-4F82-A8DB-329D1369E6FB}
	EndProjectSection
EndProject
Project("{8BC9CEB8-8B4A-11D0-8D11-00A0C91BC942}") = "libcthreads", "libcthreads\libcthreads.vcproj", "{9FBC8960-1DBA-410E-9049-737178A21C91}"
	ProjectSection(ProjectDependencies) = postProject
		{111C4303-25C8-47DE-BAA5-FEBA65A4FE97} = {111C4303-25C8-47DE-BAA5-FEBA65A4FE97}
		{2ACDC977-A2EC-4DDD-A7BA-D8F5CF62AE9F} = {2ACDC977-A2EC-4DDD-A7BA-D8F5CF62AE9F}
	EndProjectSection
EndProject
Project("{8BC9CEB8-8B4A-11D0-8D11-00A0C91BC942}") = "libcpath", "libcpath\libcpath.vcproj", "{93175647-51FC-46C7-A5B6-247DFE61AB5D}"
	ProjectSection(ProjectDependencies) = postProject
		{111C4303-25C8-47DE-BAA5-FEBA65A4FE97} = {111C4303-25C8-47DE-BAA5-FEBA65A4FE97}
		{2ACDC977-A2EC-4DDD-A7BA-D8F5CF62AE9F} = {2ACDC977-A2EC-4DDD-A7BA-D8F5CF62AE9F}
		{2AB613C9-4509-4BC2-BF6C-13E47F925060} = {2AB613C9-4509-4BC2-BF6C-13E47F925060}
		{BB765B64-E3EA-43FC-A990-B3170FB4784E} = {BB765B64-E3EA-43FC-A990-B3170FB4784E}
		{723E6747-2865-4824-81C5-8E9A548B589C} = {723E6747-2865-4824-81C5-8E9A548B589C}
	EndProjectSection
EndProject
Project("{8BC9CEB8-8B4A-11D0-8D11-00A0C91BC942}") = "pycreg", "pycreg\pycreg.vcproj", "{E497B60E-537F-4591-B59E-445D51FFDF95}"
	ProjectSection(ProjectDependencies) = postProject
		{7AAA6A8B-DE93-45DE-A6BC-26246EB56C8D} = {7AAA6A8B-DE93-45DE-A6BC-26246EB56C8D}
		{738B1801-193C-417B-8B21-A62E776B469D} = {738B1801-193C-417B-8B21-A62E776B469D}
		{93175647-51FC-46C7-A5B6-247DFE61AB5D} = {93175647-51FC-46C7-A5B6-247DFE61AB5D}
		{ACCC493E-BBEC-4F7F-A60B-7B9FED93B5A5} = {ACCC493E-BBEC-4F7F-A60B-7B9FED93B5A5}
		{BB765B64-E3EA-43FC-A990-B3170FB4784E} = {BB765B64-E3EA-43FC-A990-B3170FB4784E}
		{2AB613C9-4509-4BC2-BF6C-13E47F925060} = {2AB613C9-4509-4BC2-BF6C-13E47F925060}
		{7B6DE3B3-C157-411D-8CC0-A4913D06BCE6} = {7B6DE3B3-C157-411D-8CC0-A4913D06BCE6}
		{2ACDC977-A2EC-4DDD-A7BA-D8F5CF62AE9F} = {2ACDC977-A2EC-4DDD-A7BA-D8F5CF62AE9F}
		{111C4303-25C8-47DE-BAA5-FEBA65A4FE97} = {111C4303-25C8-47DE-BAA5-FEBA65A4FE97}
	EndProjectSection
EndProject
Project("{8BC9CEB8-8B4A-11D0-8D11-00A0C91BC942}") = "cregexport", "cregexport\cregexport.vcproj", "{E3443A3E-B886-44C4-8CC2-F98EE76FE22A}"
	ProjectSection(ProjectDependencies) = postProject
		{D476056C-E35C-44B6-A7C6-20AC9A0D74AE} = {D476056C-E35C-44B6-A7C6-20AC9A0D74AE}
		{7AAA6A8B-DE93-45DE-A6BC-26246EB56C8D} = {7AAA6A8B-DE93-45DE-A6BC-26246EB56C8D}
		{9CC1BD44-ED71-4F82-A8DB-329D1369E6FB} = {9CC1BD44-ED71-4F82-A8DB-329D1369E6FB}
		{2AB613C9-4509-4BC2-BF6C-13E47F925060} = {2AB613C9-4509-4BC2-BF6C-13E47F925060}
		{2ACDC977-A2EC-4DDD-A7BA-D8F5CF62AE9F} = {2ACDC977-A2EC-4DDD-A7BA-D8F5CF62AE9F}
		{111C4303-25C8-47DE-BAA5-FEBA65A4FE97} = {111C4303-25C8-47DE-BAA5-FEBA65A4FE97}
	EndProjectSection
EndProject
Project("{8BC9CEB8-8B4A-11D0-8D11-00A0C91BC942}") = "creginfo", "creginfo\creginfo.vcproj", "{02C70B11-255F-4AE4-B897-D1524BEA2C10}"
	ProjectSection(ProjectDependencies) = postProject
		{D476056C-E35C-44B6-A7C6-20AC9A0D74AE} = {D476056C-E35C-44B6-A7C6-20AC9A0D74AE}
		{7AAA6A8B-DE93-45DE-A6BC-26246EB56C8D} = {7AAA6A8B-DE93-45DE-A6BC-26246EB56C8D}
		{9CC1BD44-ED71-4F82-A8DB-329D1369E6FB} = {9CC1BD44-ED71-4F82-A8DB-329D1369E6FB}
		{2AB613C9-4509-4BC2-BF6C-13E47F925060} = {2AB613C9-4509-4BC2-BF6C-13E47F925060}
		{2ACDC977-A2EC-4DDD-A7BA-D8F5CF62AE9F} = {2ACDC977-A2EC-4DDD-A7BA-D8F5CF62AE9F}
		{111C4303-25C8-47DE-BAA5-FEBA65A4FE97} = {111C4303-25C8-47DE-BAA5-FEBA65A4FE97}
	EndProjectSection
EndProject
Project("{8BC9CEB8-8B4A-11D0-8D11-00A0C91BC942}") = "cregmount", "cregmount\cregmount.vcproj", "{B4784EE8-BF81-4304-A9E3-3E443A408D27}"
	ProjectSection(ProjectDependencies) = postProject
		{30231C79-50AF-466B-BBC4-44DC05833619} = {30231C79-50AF-466B-BBC4-44DC05833619}
		{D476056C-E35C-44B6-A7C6-20AC9A0D74AE} = {D476056C-E35C-44B6-A7C6-20AC9A0D74AE}
		{7AAA6A8B-DE93-45DE-A6BC-26246EB56C8D} = {7AAA6A8B-DE93-45DE-A6BC-26246EB56C8D}
		{9CC1BD44-ED71-4F82-A8DB-329D1369E6FB} = {9CC1BD44-ED71-4F82-A8DB-329D1369E6FB}
		{2AB613C9-4509-4BC2-BF6C-13E47F925060} = {2AB613C9-4509-4BC2-BF6C-13E47F925060}
		{2ACDC977-A2EC-4DDD-A7BA-D8F5CF62AE9F} = {2ACDC977-A2EC-4DDD-A7BA-D8F5CF62AE9F}
		{111C4303-25C8-47DE-BAA5-FEBA65A4FE97} = {111C4303-25C8-47DE-BAA5-FEBA65A4FE97}
	EndProjectSection
EndProject
Project("{8BC9CEB8-8B4A-11D0-8D11-00A0C91BC942}") = "libcstring", "libcstring\libcstring.vcproj", "{111C4303-25C8-47DE-BAA5-FEBA65A4FE97}"
EndProject
Project("{8BC9CEB8-8B4A-11D0-8D11-00A0C91BC942}") = "libuna", "libuna\libuna.vcproj", "{723E6747-2865-4824-81C5-8E9A548B589C}"
	ProjectSection(ProjectDependencies) = postProject
		{111C4303-25C8-47DE-BAA5-FEBA65A4FE97} = {111C4303-25C8-47DE-BAA5-FEBA65A4FE97}
		{2ACDC977-A2EC-4DDD-A7BA-D8F5CF62AE9F} = {2ACDC977-A2EC-4DDD-A7BA-D8F5CF62AE9F}
	EndProjectSection
EndProject
Project("{8BC9CEB8-8B4A-11D0-8D11-00A0C91BC942}") = "libfwsi", "libfwsi\libfwsi.vcproj", "{9CCC75EE-CD93-4A4E-9D72-E7E956D81A6A}"
	ProjectSection(ProjectDependencies) = postProject
		{111C4303-25C8-47DE-BAA5-FEBA65A4FE97} = {111C4303-25C8-47DE-BAA5-FEBA65A4FE97}
		{2ACDC977-A2EC-4DDD-A7BA-D8F5CF62AE9F} = {2ACDC977-A2EC-4DDD-A7BA-D8F5CF62AE9F}
		{7B6DE3B3-C157-411D-8CC0-A4913D06BCE6} = {7B6DE3B3-C157-411D-8CC0-A4913D06BCE6}
		{9CC1BD44-ED71-4F82-A8DB-329D1369E6FB} = {9CC1BD44-ED71-4F82-A8DB-329D1369E6FB}
		{723E6747-2865-4824-81C5-8E9A548B589C} = {723E6747-2865-4824-81C5-8E9A548B589C}
		{6AC6401C-3B17-4A45-8590-4082435C3760} = {6AC6401C-3B17-4A45-8590-4082435C3760}
		{D74F7848-B4F7-4860-879B-EE4654D71DFC} = {D74F7848-B4F7-4860-879B-EE4654D71DFC}
		{B7C7902D-F41F-4A86-91E1-BEDC1199B33B} = {B7C7902D-F41F-4A86-91E1-BEDC1199B33B}
		{8C06EA3F-E57D-46B6-9350-5ED64583AF21} = {8C06EA3F-E57D-46B6-9350-5ED64583AF21}
	EndProjectSection
EndProject
Project("{8BC9CEB8-8B4A-11D0-8D11-00A0C91BC942}") = "libcreg", "libcreg\libcreg.vcproj", "{7AAA6A8B-DE93-45DE-A6BC-26246EB56C8D}"
	ProjectSection(ProjectDependencies) = postProject
		{111C4303-25C8-47DE-BAA5-FEBA65A4FE97} = {111C4303-25C8-47DE-BAA5-FEBA65A4FE97}
		{2ACDC977-A2EC-4DDD-A7BA-D8F5CF62AE9F} = {2ACDC977-A2EC-4DDD-A7BA-D8F5CF62AE9F}
		{7B6DE3B3-C157-411D-8CC0-A4913D06BCE6} = {7B6DE3B3-C157-411D-8CC0-A4913D06BCE6}
		{2AB613C9-4509-4BC2-BF6C-13E47F925060} = {2AB613C9-4509-4BC2-BF6C-13E47F925060}
		{9CC1BD44-ED71-4F82-A8DB-329D1369E6FB} = {9CC1BD44-ED71-4F82-A8DB-329D1369E6FB}
		{BB765B64-E3EA-43FC-A990-B3170FB4784E} = {BB765B64-E3EA-43FC-A990-B3170FB4784E}
		{723E6747-2865-4824-81C5-8E9A548B589C} = {723E6747-2865-4824-81C5-8E9A548B589C}
		{ACCC493E-BBEC-4F7F-A60B-7B9FED93B5A5} = {ACCC493E-BBEC-4F7F-A60B-7B9FED93B5A5}
		{93175647-51FC-46C7-A5B6-247DFE61AB5D} = {93175647-51FC-46C7-A5B6-247DFE61AB5D}
		{738B1801-193C-417B-8B21-A62E776B469D} = {738B1801-193C-417B-8B21-A62E776B469D}
		{6218B3C8-A205-4ADA-989A-F6EDB63591E3} = {6218B3C8-A205-4ADA-989A-F6EDB63591E3}
		{D777E5EA-004B-43C5-9E02-DF2EAF899825} = {D777E5EA-004B-43C5-9E02-DF2EAF899825}
		{6AC6401C-3B17-4A45-8590-4082435C3760} = {6AC6401C-3B17-4A45-8590-4082435C3760}
		{D74F7848-B4F7-4860-879B-EE4654D71DFC} = {D74F7848-B4F7-4860-879B-EE4654D71DFC}
	EndProjectSection
EndProject
Project("{8BC9CEB8-8B4A-11D0-8D11-00A0C91BC942}") = "libcerror", "libcerror\libcerror.vcproj", "{2ACDC977-A2EC-4DDD-A7BA-D8F5CF62AE9F}"
	ProjectSection(ProjectDependencies) = postProject
		{111C4303-25C8-47DE-BAA5-FEBA65A4FE97} = {111C4303-25C8-47DE-BAA5-FEBA65A4FE97}
	EndProjectSection
EndProject
Project("{8BC9CEB8-8B4A-11D0-8D11-00A0C91BC942}") = "libcnotify", "libcnotify\libcnotify.vcproj", "{9CC1BD44-ED71-4F82-A8DB-329D1369E6FB}"
	ProjectSection(ProjectDependencies) = postProject
		{111C4303-25C8-47DE-BAA5-FEBA65A4FE97} = {111C4303-25C8-47DE-BAA5-FEBA65A4FE97}
		{2ACDC977-A2EC-4DDD-A7BA-D8F5CF62AE9F} = {2ACDC977-A2EC-4DDD-A7BA-D8F5CF62AE9F}
	EndProjectSection
EndProject
Project("{8BC9CEB8-8B4A-11D0-8D11-00A0C91BC942}") = "libcsystem", "libcsystem\libcsystem.vcproj", "{D476056C-E35C-44B6-A7C6-20AC9A0D74AE}"
	ProjectSection(ProjectDependencies) = postProject
		{111C4303-25C8-47DE-BAA5-FEBA65A4FE97} = {111C4303-25C8-47DE-BAA5-FEBA65A4FE97}
		{2ACDC977-A2EC-4DDD-A7BA-D8F5CF62AE9F} = {2ACDC977-A2EC-4DDD-A7BA-D8F5CF62AE9F}
		{2AB613C9-4509-4BC2-BF6C-13E47F925060} = {2AB613C9-4509-4BC2-BF6C-13E47F925060}
		{9CC1BD44-ED71-4F82-A8DB-329D1369E6FB} = {9CC1BD44-ED71-4F82-A8DB-329D1369E6FB}
		{723E6747-2865-4824-81C5-8E9A548B589C} = {723E6747-2865-4824-81C5-8E9A548B589C}
	EndProjectSection
EndProject
Project("{8BC9CEB8-8B4A-11D0-8D11-00A0C91BC942}") = "libfdata", "libfdata\libfdata.vcproj", "{D777E5EA-004B-43C5-9E02-DF2EAF899825}"
	ProjectSection(ProjectDependencies) = postProject
		{111C4303-25C8-47DE-BAA5-FEBA65A4FE97} = {111C4303-25C8-47DE-BAA5-FEBA65A4FE97}
		{2ACDC977-A2EC-4DDD-A7BA-D8F5CF62AE9F} = {2ACDC977-A2EC-4DDD-A7BA-D8F5CF62AE9F}
		{9FBC8960-1DBA-410E-9049-737178A21C91} = {9FBC8960-1DBA-410E-9049-737178A21C91}
		{7B6DE3B3-C157-411D-8CC0-A4913D06BCE6} = {7B6DE3B3-C157-411D-8CC0-A4913D06BCE6}
		{9CC1BD44-ED71-4F82-A8DB-329D1369E6FB} = {9CC1BD44-ED71-4F82-A8DB-329D1369E6FB}
		{6218B3C8-A205-4ADA-989A-F6EDB63591E3} = {6218B3C8-A205-4ADA-989A-F6EDB63591E3}
	EndProjectSection
EndProject
Project("{8BC9CEB8-8B4A-11D0-8D11-00A0C91BC942}") = "libcdata", "libcdata\libcdata.vcproj", "{7B6DE3B3-C157-411D-8CC0-A4913D06BCE6}"
	ProjectSection(ProjectDependencies) = postProject
		{111C4303-25C8-47DE-BAA5-FEBA65A4FE97} = {111C4303-25C8-47DE-BAA5-FEBA65A4FE97}
		{2ACDC977-A2EC-4DDD-A7BA-D8F5CF62AE9F} = {2ACDC977-A2EC-4DDD-A7BA-D8F5CF62AE9F}
		{9FBC8960-1DBA-410E-9049-737178A21C91} = {9FBC8960-1DBA-410E-9049-737178A21C91}
	EndProjectSection
EndProject
Project("{8BC9CEB8-8B4A-11D0-8D11-00A0C91BC942}") = "libcsplit", "libcsplit\libcsplit.vcproj", "{BB765B64-E3EA-43FC-A990-B3170FB4784E}"
	ProjectSection(ProjectDependencies) = postProject
		{111C4303-25C8-47DE-BAA5-FEBA65A4FE97} = {111C4303-25C8-47DE-BAA5-FEBA65A4FE97}
		{2ACDC977-A2EC-4DDD-A7BA-D8F5CF62AE9F} = {2ACDC977-A2EC-4DDD-A7BA-D8F5CF62AE9F}
	EndProjectSection
EndProject
Project("{8BC9CEB8-8B4A-11D0-8D11-00A0C91BC942}") = "dokan", "dokan\dokan.vcproj", "{30231C79-50AF-466B-BBC4-44DC05833619}"
EndProject
Global
	GlobalSection(SolutionConfigurationPlatforms) = preSolution
		Release|Win32 = Release|Win32
		VSDebug|Win32 = VSDebug|Win32
	EndGlobalSection
	GlobalSection(ProjectConfigurationPlatforms) = postSolution
		{6218B3C8-A205-4ADA-989A-F6EDB63591E3}.Release|Win32.ActiveCfg = Release|Win32
		{6218B3C8-A205-4ADA-989A-F6EDB63591E3}.Release|Win32.Build.0 = Release|Win32
		{6218B3C8-A205-4ADA-989A-F6EDB63591E3}.VSDebug|Win32.ActiveCfg = VSDebug|Win32
		{6218B3C8-A205-4ADA-989A-F6EDB63591E3}.VSDebug|Win32.Build.0 = VSDebug|Win32
		{8C06EA3F-E57D-46B6-9350-5ED64583AF21}.Release|Win32.ActiveCfg = Release|Win32
		{8C06EA3F-E57D-46B6-9350-5ED64583AF21}.Release|Win32.Build.0 = Release|Win32
		{8C06EA3F-E57D-46B6-9350-5ED64583AF21}.VSDebug|Win32.ActiveCfg = VSDebug|Win32
		{8C06EA3F-E57D-46B6-9350-5ED64583AF21}.VSDebug|Win32.Build.0 = VSDebug|Win32
		{B7C7902D-F41F-4A86-91E1-BEDC1199B33B}.Release|Win32.ActiveCfg = Release|Win32
		{B7C7902D-F41F-4A86-91E1-BEDC1199B33B}.Release|Win32.Build.0 = Release|Win32
		{B7C7902D-F41F-4A86-91E1-BEDC1199B33B}.VSDebug|Win32.ActiveCfg = VSDebug|Win32
		{B7C7902D-F41F-4A86-91E1-BEDC1199B33B}.VSDebug|Win32.Build.0 = VSDebug|Win32
		{D74F7848-B4F7-4860-879B-EE4654D71DFC}.Release|Win32.ActiveCfg = Release|Win32
		{D74F7848-B4F7-4860-879B-EE4654D71DFC}.Release|Win32.Build.0 = Release|Win32
		{D74F7848-B4F7-4860-879B-EE4654D71DFC}.VSDebug|Win32.ActiveCfg = VSDebug|Win32
		{D74F7848-B4F7-4860-879B-EE4654D71DFC}.VSDebug|Win32.Build.0 = VSDebug|Win32
		{2AB613C9-4509-4BC2-BF6C-13E47F925060}.Release|Win32.ActiveCfg = Release|Win32
		{2AB613C9-4509-4BC2-BF6C-13E47F925060}.Release|Win32.Build.0 = Release|Win32
		{2AB613C9-4509-4BC2-BF6C-13E47F925060}.VSDebug|Win32.ActiveCfg = VSDebug|Win32
		{2AB613C9-4509-4BC2-BF6C-13E47F925060}.VSDebug|Win32.Build.0 = VSDebug|Win32
		{738B1801-193C-417B-8B21-A62E776B469D}.Release|Win32.ActiveCfg = Release|Win32
		{738B1801-193C-417B-8B21-A62E776B469D}.Release|Win32.Build.0 = Release|Win32
		{738B1801-193C-417B-8B21-A62E776B469D}.VSDebug|Win32.ActiveCfg = VSDebug|Win32
		{738B1801-193C-417B-8B21-A62E776B469D}.VSDebug|Win32.Build.0 = VSDebug|Win32
		{6AC6401C-3B17-4A45-8590-4082435C3760}.Release|Win32.ActiveCfg = Release|Win32
		{6AC6401C-3B17-4A45-8590-4082435C3760}.Release|Win32.Build.0 = Release|Win32
		{6AC6401C-3B17-4A45-8590-4082435C3760}.VSDebug|Win32.ActiveCfg = VSDebug|Win32
		{6AC6401C-3B17-4A45-8590-4082435C3760}.VSDebug|Win32.Build.0 = VSDebug|Win32
		{ACCC493E-BBEC-4F7F-A60B-7B9FED93B5A5}.Release|Win32.ActiveCfg = Release|Win32
		{ACCC493E-BBEC-4F7F-A60B-7B9FED93B5A5}.Release|Win32.Build.0 = Release|Win32
		{ACCC493E-BBEC-4F7F-A60B-7B9FED93B5A5}.VSDebug|Win32.ActiveCfg = VSDebug|Win32
		{ACCC493E-BBEC-4F7F-A60B-7B9FED93B5A5}.VSDebug|Win32.Build.0 = VSDebug|Win32
		{EDBA29D4-C237-496A-BFB6-A49C73A27F51}.Release|Win32.ActiveCfg = Release|Win32
		{EDBA29D4-C237-496A-BFB6-A49C73A27F51}.Release|Win32.Build.0 = Release|Win32
		{EDBA29D4-C237-496A-BFB6-A49C73A27F51}.VSDebug|Win32.ActiveCfg = VSDebug|Win32
		{EDBA29D4-C237-496A-BFB6-A49C73A27F51}.VSDebug|Win32.Build.0 = VSDebug|Win32
		{9FBC8960-1DBA-410E-9049-737178A21C91}.Release|Win32.ActiveCfg = Release|Win32
		{9FBC8960-1DBA-410E-9049-737178A21C91}.Release|Win32.Build.0 = Release|Win32
		{9FBC8960-1DBA-410E-9049-737178A21C91}.VSDebug|Win32.ActiveCfg = VSDebug|Win32
		{9FBC8960-1DBA-410E-9049-737178A21C91}.VSDebug|Win32.Build.0 = VSDebug|Win32
		{93175647-51FC-46C7-A5B6-247DFE61AB5D}.Release|Win32.ActiveCfg = Release|Win32
		{93175647-51FC-46C7-A5B6-247DFE61AB5D}.Release|Win32.Build.0 = Release|Win32
		{93175647-51FC-46C7-A5B6-247DFE61AB5D}.VSDebug|Win32.ActiveCfg = VSDebug|Win32
		{93175647-51FC-46C7-A5B6-247DFE61AB5D}.VSDebug|Win32.Build.0 = VSDebug|Win32
		{E497B60E-537F-4591-B59E-445D51FFDF95}.Release|Win32.ActiveCfg = Release|Win32
		{E497B60E-537F-4591-B59E-445D51FFDF95}.Release|Win32.Build.0 = Release|Win32
		{E497B60E-537F-4591-B59E-445D51FFDF95}.VSDebug|Win32.ActiveCfg = VSDebug|Win32
		{E497B60E-537F-4591-B59E-445D51FFDF95}.VSDebug|Win32.Build.0 = VSDebug|Win32
		{E3443A3E-B886-44C4-8CC2-F98EE76FE22A}.Release|Win32.ActiveCfg = Release|Win32
		{E3443A3E-B886-44C4-8CC2-F98EE76FE22A}.Release|Win32.Build.0 = Release|Win32
		{E3443A3E-B886-44C4-8CC2-F98EE76FE22A}.VSDebug|Win32.ActiveCfg = VSDebug|Win32
		{E3443A3E-B886-44C4-8CC2-F98EE76FE22A}.VSDebug|Win32.Build.0 = VSDebug|Win32
		{02C70B11-255F-4AE4-B897-D1524BEA2C10}.Release|Win32.ActiveCfg = Release|Win32
		{02C70B11-255F-4AE4-B897-D1524BEA2C10}.Release|Win32.Build.0 = Release|Win32
		{02C70B11-255F-4AE4-B897-D1524BEA2C10}.VSDebug|Win32.ActiveCfg = VSDebug|Win32
		{02C70B11-255F-4AE4-B897-D1524BEA2C10}.VSDebug|Win32.Build.0 = VSDebug|Win32
		{B4784EE8-BF81-4304-A9E3-3E443A408D27}.Release|Win32.ActiveCfg = Release|Win32
		{B4784EE8-BF81-4304-A9E3-3E443A408D27}.Release|Win32.Build.0 = Release|Win32
		{B4784EE8-BF81-4304-A9E3-3E443A408D27}.VSDebug|Win32.ActiveCfg = VSDebug|Win32
		{B4784EE8-BF81-4304-A9E3-3E443A408D27}.VSDebug|Win32.Build.0 = VSDebug|Win32
		{111C4303-25C8-47DE-BAA5-FEBA65A4FE97}.Release|Win32.ActiveCfg = Release|Win32
		{111C4303-25C8-47DE-BAA5-FEBA65A4FE97}.Release|Win32.Build.0 = Release|Win32
		{111C4303-25C8-47DE-BAA5-FEBA65A4FE97}.VSDebug|Win32.ActiveCfg = VSDebug|Win32
		{111C4303-25C8-47DE-BAA5-FEBA65A4FE97}.VSDebug|Win32.Build.0 = VSDebug|Win32
		{723E6747-2865-4824-81C5-8E9A548B589C}.Release|Win32.ActiveCfg = Release|Win32
		{723E6747-2865-4824-81C5-8E9A548B589C}.Release|Win32.Build.0 = Release|Win32
		{723E6747-2865-4824-81C5-8E9A548B589C}.VSDebug|Win32.ActiveCfg = VSDebug|Win32
		{723E6747-2865-4824-81C5-8E9A548B589C}.VSDebug|Win32.Build.0 = VSDebug|Win32
		{9CCC75EE-CD93-4A4E-9D72-E7E956D81A6A}.Release|Win32.ActiveCfg = Release|Win32
		{9CCC75EE-CD93-4A4E-9D72-E7E956D81A6A}.Release|Win32.Build.0 = Release|Win32
		{9CCC75EE-CD93-4A4E-9D72-E7E956D81A6A}.VSDebug|Win32.ActiveCfg = VSDebug|Win32
		{9CCC75EE-CD93-4A4E-9D72-E7E956D81A6A}.VSDebug|Win32.Build.0 = VSDebug|Win32
		{7AAA6A8B-DE93-45DE-A6BC-26246EB56C8D}.Release|Win32.ActiveCfg = Release|Win32
		{7AAA6A8B-DE93-45DE-A6BC-26246EB56C8D}.Release|Win32.Build.0 = Release|Win32
		{7AAA6A8B-DE93-45DE-A6BC-26246EB56C8D}.VSDebug|Win32.ActiveCfg = VSDebug|Win32
		{7AAA6A8B-DE93-45DE-A6BC-26246EB56C8D}.VSDebug|Win32.Build.0 = VSDebug|Win32
		{2ACDC977-A2EC-4DDD-A7BA-D8F5CF62AE9F}.Release|Win32.ActiveCfg = Release|Win32
		{2ACDC977-A2EC-4DDD-A7BA-D8F5CF62AE9F}.Release|Win32.Build.0 = Release|Win32
		{2ACDC977-A2EC-4DDD-A7BA-D8F5CF62AE9F}.VSDebug|Win32.ActiveCfg = VSDebug|Win32
		{2ACDC977-A2EC-4DDD-A7BA-D8F5CF62AE9F}.VSDebug|Win32.Build.0 = VSDebug|Win32
		{9CC1BD44-ED71-4F82-A8DB-329D1369E6FB}.Release|Win32.ActiveCfg = Release|Win32
		{9CC1BD44-ED71-4F82-A8DB-329D1369E6FB}.Release|Win32.Build.0 = Release|Win32
		{9CC1BD44-ED71-4F82-A8DB-329D1369E6FB}.VSDebug|Win32.ActiveCfg = VSDebug|Win32
		{9CC1BD44-ED71-4F82-A8DB-329D1369E6FB}.VSDebug|Win32.Build.0 = VSDebug|Win32
		{D476056C-E35C-44B6-A7C6-20AC9A0D74AE}.Release|Win32.ActiveCfg = Release|Win32
		{D476056C-E35C-44B6-A7C6-20AC9A0D74AE}.Release|Win32.Build.0 = Release|Win32
		{D476056C-E35C-44B6-A7C6-20AC9A0D74AE}.VSDebug|Win32.ActiveCfg = VSDebug|Win32
		{D476056C-E35C-44B6-A7C6-20AC9A0D74AE}.VSDebug|Win32.Build.0 = VSDebug|Win32
		{D777E5EA-004B-43C5-9E02-DF2EAF899825}.Release|Win32.ActiveCfg = Release|Win32
		{D777E5EA-004B-43C5-9E02-DF2EAF899825}.Release|Win32.Build.0 = Release|Win32
		{D777E5EA-004B-43C5-9E02-DF2EAF899825}.VSDebug|Win32.ActiveCfg = VSDebug|Win32
		{D777E5EA-004B-43C5-9E02-DF2EAF899825}.VSDebug|Win32.Build.0 = VSDebug|Win32
		{7B6DE3B3-C157-411D-8CC0-A4913D06BCE6}.Release|Win32.ActiveCfg = Release|Win32
		{7B6DE3B3-C157-411D-8CC0-A4913D06BCE6}.Release|Win32.Build.0 = Release|Win32
		{7B6DE3B3-C157-411D-8CC0-A4913D06BCE6}.VSDebug|Win32.ActiveCfg = VSDebug|Win32
		{7B6DE3B3-C157-411D-8CC0-A4913D06BCE6}.VSDebug|Win32.Build.0 = VSDebug|Win32
		{BB765B64-E3EA-43FC-A990-B3170FB4784E}.Release|Win32.ActiveCfg = Release|Win32
		{BB765B64-E3EA-43FC-A990-B3170FB4784E}.Release|Win32.Build.0 = Release|Win32
		{BB765B64-E3EA-43FC-A990-B3170FB4784E}.VSDebug|Win32.ActiveCfg = VSDebug|Win32
		{BB765B64-E3EA-43FC-A990-B3170FB4784E}.VSDebug|Win32.Build.0 = VSDebug|Win32
		{30231C79-50AF-466B-BBC4-44DC05833619}.Release|Win32.ActiveCfg = Release|Win32
		{30231C79-50AF-466B-BBC4-44DC05833619}.Release|Win32.Build.0 = Release|Win32
		{30231C79-50AF-466B-BBC4-44DC05833619}.VSDebug|Win32.ActiveCfg = VSDebug|Win32
		{30231C79-50AF-466B-BBC4-44DC05833619}.VSDebug|Win32.Build.0 = VSDebug|Win32
	EndGlobalSection
	GlobalSection(SolutionProperties) = preSolution
		HideSolutionNode = FALSE
	EndGlobalSection
EndGlobal
